
Microsoft Visual Studio Solution File, Format Version 12.00
# Visual Studio Version 16
VisualStudioVersion = 16.0.31112.23
MinimumVisualStudioVersion = 10.0.40219.1
Project("{9A19103F-16F7-4668-BE54-9A1E7A4F7556}") = "03.MAS.GitlabComments.WebApi", "03.MAS.GitlabComments.WebApi\03.MAS.GitlabComments.WebApi.csproj", "{DCC7FCA4-282D-4DD6-9AE7-5F99877330BD}"
EndProject
Project("{2150E333-8FDC-42A3-9474-1A3956D46DE8}") = "Tests", "Tests", "{902D9031-AA0F-490F-AF37-41E983FFE22C}"
EndProject
Project("{9A19103F-16F7-4668-BE54-9A1E7A4F7556}") = "03.MAS.GitlabComments.WebApi.Tests", "Tests\03.MAS.GitlabComments.WebApi.Tests\03.MAS.GitlabComments.WebApi.Tests.csproj", "{5E0CCD20-7528-49EA-A3F8-F6EE73187A93}"
EndProject
Project("{9A19103F-16F7-4668-BE54-9A1E7A4F7556}") = "01.MAS.GitlabComments.DataAccess", "01.MAS.GitlabComments.Data\01.MAS.GitlabComments.DataAccess.csproj", "{05FCC330-C531-4337-8F41-3232D115F429}"
EndProject
Project("{9A19103F-16F7-4668-BE54-9A1E7A4F7556}") = "01.MAS.GitlabComments.DataAccess.Tests", "Tests\01.MAS.GitlabComments.Data.Tests\01.MAS.GitlabComments.DataAccess.Tests.csproj", "{A6442276-FA23-4B43-91DB-050426CACAAA}"
EndProject
Project("{2150E333-8FDC-42A3-9474-1A3956D46DE8}") = "SqlScripts", "SqlScripts", "{D5DB2FBE-0ECE-408B-8BCE-A8DEE74F49CD}"
	ProjectSection(SolutionItems) = preProject
		SqlScripts\001_Init.sql = SqlScripts\001_Init.sql
		SqlScripts\002_AddStoryRecord.sql = SqlScripts\002_AddStoryRecord.sql
		SqlScripts\003_UpdateEntities.sql = SqlScripts\003_UpdateEntities.sql
		SqlScripts\004_AddNumber.sql = SqlScripts\004_AddNumber.sql
	EndProjectSection
EndProject
Project("{9A19103F-16F7-4668-BE54-9A1E7A4F7556}") = "02.MAS.GitlabComments.Logic", "02.MAS.GitlabComments.Logic\02.MAS.GitlabComments.Logic.csproj", "{0DF6B2A4-9BB1-473A-8FBB-062D1DD1F3AA}"
EndProject
Project("{9A19103F-16F7-4668-BE54-9A1E7A4F7556}") = "02.MAS.GitlabComments.Logic.Tests", "Tests\02.MAS.GitlabComments.Logic.Tests\02.MAS.GitlabComments.Logic.Tests.csproj", "{75E81C79-344C-466E-A951-019FFEA54222}"
EndProject
Project("{9A19103F-16F7-4668-BE54-9A1E7A4F7556}") = "00.MAS.GitlabComments.Data", "00.MAS.GitlabComments.Data\00.MAS.GitlabComments.Data.csproj", "{0FC84E57-C110-49B0-BBC9-99EA41189674}"
EndProject
Global
	GlobalSection(SolutionConfigurationPlatforms) = preSolution
		Debug|Any CPU = Debug|Any CPU
		Release|Any CPU = Release|Any CPU
	EndGlobalSection
	GlobalSection(ProjectConfigurationPlatforms) = postSolution
		{DCC7FCA4-282D-4DD6-9AE7-5F99877330BD}.Debug|Any CPU.ActiveCfg = Debug|Any CPU
		{DCC7FCA4-282D-4DD6-9AE7-5F99877330BD}.Debug|Any CPU.Build.0 = Debug|Any CPU
		{DCC7FCA4-282D-4DD6-9AE7-5F99877330BD}.Release|Any CPU.ActiveCfg = Release|Any CPU
		{DCC7FCA4-282D-4DD6-9AE7-5F99877330BD}.Release|Any CPU.Build.0 = Release|Any CPU
		{5E0CCD20-7528-49EA-A3F8-F6EE73187A93}.Debug|Any CPU.ActiveCfg = Debug|Any CPU
		{5E0CCD20-7528-49EA-A3F8-F6EE73187A93}.Debug|Any CPU.Build.0 = Debug|Any CPU
		{5E0CCD20-7528-49EA-A3F8-F6EE73187A93}.Release|Any CPU.ActiveCfg = Release|Any CPU
		{5E0CCD20-7528-49EA-A3F8-F6EE73187A93}.Release|Any CPU.Build.0 = Release|Any CPU
		{05FCC330-C531-4337-8F41-3232D115F429}.Debug|Any CPU.ActiveCfg = Debug|Any CPU
		{05FCC330-C531-4337-8F41-3232D115F429}.Debug|Any CPU.Build.0 = Debug|Any CPU
		{05FCC330-C531-4337-8F41-3232D115F429}.Release|Any CPU.ActiveCfg = Release|Any CPU
		{05FCC330-C531-4337-8F41-3232D115F429}.Release|Any CPU.Build.0 = Release|Any CPU
		{A6442276-FA23-4B43-91DB-050426CACAAA}.Debug|Any CPU.ActiveCfg = Debug|Any CPU
		{A6442276-FA23-4B43-91DB-050426CACAAA}.Debug|Any CPU.Build.0 = Debug|Any CPU
		{A6442276-FA23-4B43-91DB-050426CACAAA}.Release|Any CPU.ActiveCfg = Release|Any CPU
		{A6442276-FA23-4B43-91DB-050426CACAAA}.Release|Any CPU.Build.0 = Release|Any CPU
		{0DF6B2A4-9BB1-473A-8FBB-062D1DD1F3AA}.Debug|Any CPU.ActiveCfg = Debug|Any CPU
		{0DF6B2A4-9BB1-473A-8FBB-062D1DD1F3AA}.Debug|Any CPU.Build.0 = Debug|Any CPU
		{0DF6B2A4-9BB1-473A-8FBB-062D1DD1F3AA}.Release|Any CPU.ActiveCfg = Release|Any CPU
		{0DF6B2A4-9BB1-473A-8FBB-062D1DD1F3AA}.Release|Any CPU.Build.0 = Release|Any CPU
		{75E81C79-344C-466E-A951-019FFEA54222}.Debug|Any CPU.ActiveCfg = Debug|Any CPU
		{75E81C79-344C-466E-A951-019FFEA54222}.Debug|Any CPU.Build.0 = Debug|Any CPU
		{75E81C79-344C-466E-A951-019FFEA54222}.Release|Any CPU.ActiveCfg = Release|Any CPU
		{75E81C79-344C-466E-A951-019FFEA54222}.Release|Any CPU.Build.0 = Release|Any CPU
		{0FC84E57-C110-49B0-BBC9-99EA41189674}.Debug|Any CPU.ActiveCfg = Debug|Any CPU
		{0FC84E57-C110-49B0-BBC9-99EA41189674}.Debug|Any CPU.Build.0 = Debug|Any CPU
		{0FC84E57-C110-49B0-BBC9-99EA41189674}.Release|Any CPU.ActiveCfg = Release|Any CPU
		{0FC84E57-C110-49B0-BBC9-99EA41189674}.Release|Any CPU.Build.0 = Release|Any CPU
	EndGlobalSection
	GlobalSection(SolutionProperties) = preSolution
		HideSolutionNode = FALSE
	EndGlobalSection
	GlobalSection(NestedProjects) = preSolution
		{5E0CCD20-7528-49EA-A3F8-F6EE73187A93} = {902D9031-AA0F-490F-AF37-41E983FFE22C}
		{A6442276-FA23-4B43-91DB-050426CACAAA} = {902D9031-AA0F-490F-AF37-41E983FFE22C}
		{75E81C79-344C-466E-A951-019FFEA54222} = {902D9031-AA0F-490F-AF37-41E983FFE22C}
	EndGlobalSection
	GlobalSection(ExtensibilityGlobals) = postSolution
		SolutionGuid = {A158B714-8CC2-4181-804D-F0D16AC6FB37}
	EndGlobalSection
EndGlobal
